
Microsoft Visual Studio Solution File, Format Version 12.00
# Visual Studio 15
VisualStudioVersion = 15.0.28010.2003
MinimumVisualStudioVersion = 10.0.40219.1
Project("{9A19103F-16F7-4668-BE54-9A1E7A4F7556}") = "KVaaS.Net", "KVaaS.Net\KVaaS.Net.csproj", "{567365FA-AD7A-433E-B6C7-C92AC00F5F20}"
EndProject
Project("{9A19103F-16F7-4668-BE54-9A1E7A4F7556}") = "KVaaS.Net.Test", "KVaaS.Net.Test\KVaaS.Net.Test.csproj", "{A2AEF7A5-8603-4AE2-A034-FD546BD71AC6}"
EndProject
Global
	GlobalSection(SolutionConfigurationPlatforms) = preSolution
		Debug|Any CPU = Debug|Any CPU
		Release|Any CPU = Release|Any CPU
	EndGlobalSection
	GlobalSection(ProjectConfigurationPlatforms) = postSolution
		{567365FA-AD7A-433E-B6C7-C92AC00F5F20}.Debug|Any CPU.ActiveCfg = Debug|Any CPU
		{567365FA-AD7A-433E-B6C7-C92AC00F5F20}.Debug|Any CPU.Build.0 = Debug|Any CPU
		{567365FA-AD7A-433E-B6C7-C92AC00F5F20}.Release|Any CPU.ActiveCfg = Release|Any CPU
		{567365FA-AD7A-433E-B6C7-C92AC00F5F20}.Release|Any CPU.Build.0 = Release|Any CPU
		{A2AEF7A5-8603-4AE2-A034-FD546BD71AC6}.Debug|Any CPU.ActiveCfg = Debug|Any CPU
		{A2AEF7A5-8603-4AE2-A034-FD546BD71AC6}.Debug|Any CPU.Build.0 = Debug|Any CPU
		{A2AEF7A5-8603-4AE2-A034-FD546BD71AC6}.Release|Any CPU.ActiveCfg = Release|Any CPU
		{A2AEF7A5-8603-4AE2-A034-FD546BD71AC6}.Release|Any CPU.Build.0 = Release|Any CPU
	EndGlobalSection
	GlobalSection(SolutionProperties) = preSolution
		HideSolutionNode = FALSE
	EndGlobalSection
	GlobalSection(ExtensibilityGlobals) = postSolution
		SolutionGuid = {A76894FC-3D0D-4988-9735-51EFDED65545}
	EndGlobalSection
EndGlobal
